
Microsoft Visual Studio Solution File, Format Version 12.00
# Visual Studio 14
VisualStudioVersion = 14.0.25420.1
MinimumVisualStudioVersion = 10.0.40219.1
Project("{FAE04EC0-301F-11D3-BF4B-00C04F79EFBC}") = "SnakeGame.Core", "SnakeGame.Core\SnakeGame.Core.csproj", "{9587D477-7220-4293-B534-07E0DEF3B337}"
EndProject
Project("{FAE04EC0-301F-11D3-BF4B-00C04F79EFBC}") = "SnakeGame.Main", "SnakeGame.Main\SnakeGame.Main.csproj", "{51C5FAC6-6DED-4C59-A5A0-78D719244427}"
EndProject
Global
	GlobalSection(SolutionConfigurationPlatforms) = preSolution
		Debug|Any CPU = Debug|Any CPU
		Release|Any CPU = Release|Any CPU
	EndGlobalSection
	GlobalSection(ProjectConfigurationPlatforms) = postSolution
		{9587D477-7220-4293-B534-07E0DEF3B337}.Debug|Any CPU.ActiveCfg = Debug|Any CPU
		{9587D477-7220-4293-B534-07E0DEF3B337}.Debug|Any CPU.Build.0 = Debug|Any CPU
		{9587D477-7220-4293-B534-07E0DEF3B337}.Release|Any CPU.ActiveCfg = Release|Any CPU
		{9587D477-7220-4293-B534-07E0DEF3B337}.Release|Any CPU.Build.0 = Release|Any CPU
		{51C5FAC6-6DED-4C59-A5A0-78D719244427}.Debug|Any CPU.ActiveCfg = Debug|Any CPU
		{51C5FAC6-6DED-4C59-A5A0-78D719244427}.Debug|Any CPU.Build.0 = Debug|Any CPU
		{51C5FAC6-6DED-4C59-A5A0-78D719244427}.Release|Any CPU.ActiveCfg = Release|Any CPU
		{51C5FAC6-6DED-4C59-A5A0-78D719244427}.Release|Any CPU.Build.0 = Release|Any CPU
	EndGlobalSection
	GlobalSection(SolutionProperties) = preSolution
		HideSolutionNode = FALSE
	EndGlobalSection
EndGlobal
